
Microsoft Visual Studio Solution File, Format Version 12.00
# Visual Studio Express 14 for Windows Desktop
VisualStudioVersion = 14.0.23107.0
MinimumVisualStudioVersion = 10.0.40219.1
Project("{FAE04EC0-301F-11D3-BF4B-00C04F79EFBC}") = "Browser 0.02", "Browser 0.02\Browser 0.02.csproj", "{BE2A97CA-ABE3-4F52-AF01-AAF9584D290F}"
EndProject
Global
	GlobalSection(SolutionConfigurationPlatforms) = preSolution
		Debug|Any CPU = Debug|Any CPU
		Release|Any CPU = Release|Any CPU
	EndGlobalSection
	GlobalSection(ProjectConfigurationPlatforms) = postSolution
		{BE2A97CA-ABE3-4F52-AF01-AAF9584D290F}.Debug|Any CPU.ActiveCfg = Debug|Any CPU
		{BE2A97CA-ABE3-4F52-AF01-AAF9584D290F}.Debug|Any CPU.Build.0 = Debug|Any CPU
		{BE2A97CA-ABE3-4F52-AF01-AAF9584D290F}.Release|Any CPU.ActiveCfg = Release|Any CPU
		{BE2A97CA-ABE3-4F52-AF01-AAF9584D290F}.Release|Any CPU.Build.0 = Release|Any CPU
	EndGlobalSection
	GlobalSection(SolutionProperties) = preSolution
		HideSolutionNode = FALSE
	EndGlobalSection
EndGlobal
